# This file is automatically @generated by Cargo.
# It is not intended for manual editing.
version = 3

[[package]]
name = "loop-http-get"
version = "1.0.2"
dependencies = [
 "minreq",
]

[[package]]
name = "minreq"
version = "3.0.0"
source = "registry+https://github.com/rust-lang/crates.io-index"
checksum = "659579df697b372ef9e36f02fcbb41f6d6f157dcec7db9c9618fa0f23cf0fc20"
